
Microsoft Visual Studio Solution File, Format Version 12.00
# Visual Studio Version 17
VisualStudioVersion = 17.0.32112.339
MinimumVisualStudioVersion = 10.0.40219.1
Project("{FAE04EC0-301F-11D3-BF4B-00C04F79EFBC}") = "csv2sql_converter", "excel2sql_converter_project\csv2sql_converter.csproj", "{FE1FE0BD-6137-4C10-8891-7109C0EB35F1}"
EndProject
Global
	GlobalSection(SolutionConfigurationPlatforms) = preSolution
		Debug|Any CPU = Debug|Any CPU
		Release|Any CPU = Release|Any CPU
	EndGlobalSection
	GlobalSection(ProjectConfigurationPlatforms) = postSolution
		{FE1FE0BD-6137-4C10-8891-7109C0EB35F1}.Debug|Any CPU.ActiveCfg = Debug|Any CPU
		{FE1FE0BD-6137-4C10-8891-7109C0EB35F1}.Debug|Any CPU.Build.0 = Debug|Any CPU
		{FE1FE0BD-6137-4C10-8891-7109C0EB35F1}.Release|Any CPU.ActiveCfg = Release|Any CPU
		{FE1FE0BD-6137-4C10-8891-7109C0EB35F1}.Release|Any CPU.Build.0 = Release|Any CPU
	EndGlobalSection
	GlobalSection(SolutionProperties) = preSolution
		HideSolutionNode = FALSE
	EndGlobalSection
	GlobalSection(ExtensibilityGlobals) = postSolution
		SolutionGuid = {0AC2B27A-E7D7-4391-9870-61941C180F2A}
	EndGlobalSection
EndGlobal
